
Microsoft Visual Studio Solution File, Format Version 12.00
# Visual Studio Version 17
VisualStudioVersion = 17.14.36414.22
MinimumVisualStudioVersion = 10.0.40219.1
Project("{FAE04EC0-301F-11D3-BF4B-00C04F79EFBC}") = "SimpleCSharpApp", "SimpleCSharpApp\SimpleCSharpApp.csproj", "{79A8DA66-990A-464D-A91B-F2B16D05024F}"
EndProject
Project("{FAE04EC0-301F-11D3-BF4B-00C04F79EFBC}") = "BasicConsoleIO", "BasicConsoleIO\BasicConsoleIO.csproj", "{F6ACDC15-0FE2-4FC5-BE47-9F8D7416D16E}"
EndProject
Project("{FAE04EC0-301F-11D3-BF4B-00C04F79EFBC}") = "BasicDataTypes", "BasicDataTypes\BasicDataTypes.csproj", "{444345B7-6D9D-4907-9AE9-3B01143D4A8A}"
EndProject
Project("{FAE04EC0-301F-11D3-BF4B-00C04F79EFBC}") = "FunWithStrings", "FunWithStrings\FunWithStrings.csproj", "{E7C25810-3B2D-4625-9076-9C71859F8CDC}"
EndProject
Project("{FAE04EC0-301F-11D3-BF4B-00C04F79EFBC}") = "CSharp9Strings2", "CSharp9Strings2\CSharp9Strings2.csproj", "{B05ED311-15E8-4F66-9E7C-04BD8B909C97}"
EndProject
Global
	GlobalSection(SolutionConfigurationPlatforms) = preSolution
		Debug|Any CPU = Debug|Any CPU
		Release|Any CPU = Release|Any CPU
	EndGlobalSection
	GlobalSection(ProjectConfigurationPlatforms) = postSolution
		{79A8DA66-990A-464D-A91B-F2B16D05024F}.Debug|Any CPU.ActiveCfg = Debug|Any CPU
		{79A8DA66-990A-464D-A91B-F2B16D05024F}.Debug|Any CPU.Build.0 = Debug|Any CPU
		{79A8DA66-990A-464D-A91B-F2B16D05024F}.Release|Any CPU.ActiveCfg = Release|Any CPU
		{79A8DA66-990A-464D-A91B-F2B16D05024F}.Release|Any CPU.Build.0 = Release|Any CPU
		{F6ACDC15-0FE2-4FC5-BE47-9F8D7416D16E}.Debug|Any CPU.ActiveCfg = Debug|Any CPU
		{F6ACDC15-0FE2-4FC5-BE47-9F8D7416D16E}.Debug|Any CPU.Build.0 = Debug|Any CPU
		{F6ACDC15-0FE2-4FC5-BE47-9F8D7416D16E}.Release|Any CPU.ActiveCfg = Release|Any CPU
		{F6ACDC15-0FE2-4FC5-BE47-9F8D7416D16E}.Release|Any CPU.Build.0 = Release|Any CPU
		{444345B7-6D9D-4907-9AE9-3B01143D4A8A}.Debug|Any CPU.ActiveCfg = Debug|Any CPU
		{444345B7-6D9D-4907-9AE9-3B01143D4A8A}.Debug|Any CPU.Build.0 = Debug|Any CPU
		{444345B7-6D9D-4907-9AE9-3B01143D4A8A}.Release|Any CPU.ActiveCfg = Release|Any CPU
		{444345B7-6D9D-4907-9AE9-3B01143D4A8A}.Release|Any CPU.Build.0 = Release|Any CPU
		{E7C25810-3B2D-4625-9076-9C71859F8CDC}.Debug|Any CPU.ActiveCfg = Debug|Any CPU
		{E7C25810-3B2D-4625-9076-9C71859F8CDC}.Debug|Any CPU.Build.0 = Debug|Any CPU
		{E7C25810-3B2D-4625-9076-9C71859F8CDC}.Release|Any CPU.ActiveCfg = Release|Any CPU
		{E7C25810-3B2D-4625-9076-9C71859F8CDC}.Release|Any CPU.Build.0 = Release|Any CPU
		{B05ED311-15E8-4F66-9E7C-04BD8B909C97}.Debug|Any CPU.ActiveCfg = Debug|Any CPU
		{B05ED311-15E8-4F66-9E7C-04BD8B909C97}.Debug|Any CPU.Build.0 = Debug|Any CPU
		{B05ED311-15E8-4F66-9E7C-04BD8B909C97}.Release|Any CPU.ActiveCfg = Release|Any CPU
		{B05ED311-15E8-4F66-9E7C-04BD8B909C97}.Release|Any CPU.Build.0 = Release|Any CPU
	EndGlobalSection
	GlobalSection(SolutionProperties) = preSolution
		HideSolutionNode = FALSE
	EndGlobalSection
	GlobalSection(ExtensibilityGlobals) = postSolution
		SolutionGuid = {984143FD-40AD-417D-B007-575501CE0362}
	EndGlobalSection
EndGlobal
